
Microsoft Visual Studio Solution File, Format Version 12.00
# Visual Studio Version 17
Project("{8BC9CEB8-8B4A-11D0-8D11-00A0C91BC942}") = "ALL_BUILD", "ALL_BUILD.vcxproj", "{C9C040B7-AE19-342D-86F3-2BA6F15B71EA}"
	ProjectSection(ProjectDependencies) = postProject
		{4BB52754-6C52-368D-9B7C-C40709772347} = {4BB52754-6C52-368D-9B7C-C40709772347}
		{1791A6E1-DA73-36E5-8E8C-4171AD99FDCB} = {1791A6E1-DA73-36E5-8E8C-4171AD99FDCB}
		{A08B80C1-C62D-3FBC-A38F-DD95EDFF21FF} = {A08B80C1-C62D-3FBC-A38F-DD95EDFF21FF}
		{8D474424-0F8F-3655-80B9-69AB4C0ACDFF} = {8D474424-0F8F-3655-80B9-69AB4C0ACDFF}
		{6A31BAD3-958C-3B3B-88E6-7F7DF04D4F8D} = {6A31BAD3-958C-3B3B-88E6-7F7DF04D4F8D}
	EndProjectSection
EndProject
Project("{8BC9CEB8-8B4A-11D0-8D11-00A0C91BC942}") = "Shaders", "Shaders.vcxproj", "{DADCC83D-5301-32C9-9A60-D43AF5275EF8}"
	ProjectSection(ProjectDependencies) = postProject
		{4BB52754-6C52-368D-9B7C-C40709772347} = {4BB52754-6C52-368D-9B7C-C40709772347}
	EndProjectSection
EndProject
Project("{8BC9CEB8-8B4A-11D0-8D11-00A0C91BC942}") = "ZERO_CHECK", "ZERO_CHECK.vcxproj", "{4BB52754-6C52-368D-9B7C-C40709772347}"
	ProjectSection(ProjectDependencies) = postProject
	EndProjectSection
EndProject
Project("{8BC9CEB8-8B4A-11D0-8D11-00A0C91BC942}") = "imgui", "third_party\imgui.vcxproj", "{1791A6E1-DA73-36E5-8E8C-4171AD99FDCB}"
	ProjectSection(ProjectDependencies) = postProject
		{4BB52754-6C52-368D-9B7C-C40709772347} = {4BB52754-6C52-368D-9B7C-C40709772347}
	EndProjectSection
EndProject
Project("{8BC9CEB8-8B4A-11D0-8D11-00A0C91BC942}") = "tinyobjloader", "third_party\tinyobjloader.vcxproj", "{A08B80C1-C62D-3FBC-A38F-DD95EDFF21FF}"
	ProjectSection(ProjectDependencies) = postProject
		{4BB52754-6C52-368D-9B7C-C40709772347} = {4BB52754-6C52-368D-9B7C-C40709772347}
	EndProjectSection
EndProject
Project("{8BC9CEB8-8B4A-11D0-8D11-00A0C91BC942}") = "vkbootstrap", "third_party\vkbootstrap.vcxproj", "{8D474424-0F8F-3655-80B9-69AB4C0ACDFF}"
	ProjectSection(ProjectDependencies) = postProject
		{4BB52754-6C52-368D-9B7C-C40709772347} = {4BB52754-6C52-368D-9B7C-C40709772347}
	EndProjectSection
EndProject
Project("{8BC9CEB8-8B4A-11D0-8D11-00A0C91BC942}") = "vulkan_guide", "src\vulkan_guide.vcxproj", "{6A31BAD3-958C-3B3B-88E6-7F7DF04D4F8D}"
	ProjectSection(ProjectDependencies) = postProject
		{DADCC83D-5301-32C9-9A60-D43AF5275EF8} = {DADCC83D-5301-32C9-9A60-D43AF5275EF8}
		{4BB52754-6C52-368D-9B7C-C40709772347} = {4BB52754-6C52-368D-9B7C-C40709772347}
		{1791A6E1-DA73-36E5-8E8C-4171AD99FDCB} = {1791A6E1-DA73-36E5-8E8C-4171AD99FDCB}
		{A08B80C1-C62D-3FBC-A38F-DD95EDFF21FF} = {A08B80C1-C62D-3FBC-A38F-DD95EDFF21FF}
		{8D474424-0F8F-3655-80B9-69AB4C0ACDFF} = {8D474424-0F8F-3655-80B9-69AB4C0ACDFF}
	EndProjectSection
EndProject
Global
	GlobalSection(SolutionConfigurationPlatforms) = preSolution
		Debug|x64 = Debug|x64
		Release|x64 = Release|x64
		MinSizeRel|x64 = MinSizeRel|x64
		RelWithDebInfo|x64 = RelWithDebInfo|x64
	EndGlobalSection
	GlobalSection(ProjectConfigurationPlatforms) = postSolution
		{C9C040B7-AE19-342D-86F3-2BA6F15B71EA}.Debug|x64.ActiveCfg = Debug|x64
		{C9C040B7-AE19-342D-86F3-2BA6F15B71EA}.Release|x64.ActiveCfg = Release|x64
		{C9C040B7-AE19-342D-86F3-2BA6F15B71EA}.MinSizeRel|x64.ActiveCfg = MinSizeRel|x64
		{C9C040B7-AE19-342D-86F3-2BA6F15B71EA}.RelWithDebInfo|x64.ActiveCfg = RelWithDebInfo|x64
		{DADCC83D-5301-32C9-9A60-D43AF5275EF8}.Debug|x64.ActiveCfg = Debug|x64
		{DADCC83D-5301-32C9-9A60-D43AF5275EF8}.Debug|x64.Build.0 = Debug|x64
		{DADCC83D-5301-32C9-9A60-D43AF5275EF8}.Release|x64.ActiveCfg = Release|x64
		{DADCC83D-5301-32C9-9A60-D43AF5275EF8}.Release|x64.Build.0 = Release|x64
		{DADCC83D-5301-32C9-9A60-D43AF5275EF8}.MinSizeRel|x64.ActiveCfg = MinSizeRel|x64
		{DADCC83D-5301-32C9-9A60-D43AF5275EF8}.MinSizeRel|x64.Build.0 = MinSizeRel|x64
		{DADCC83D-5301-32C9-9A60-D43AF5275EF8}.RelWithDebInfo|x64.ActiveCfg = RelWithDebInfo|x64
		{DADCC83D-5301-32C9-9A60-D43AF5275EF8}.RelWithDebInfo|x64.Build.0 = RelWithDebInfo|x64
		{4BB52754-6C52-368D-9B7C-C40709772347}.Debug|x64.ActiveCfg = Debug|x64
		{4BB52754-6C52-368D-9B7C-C40709772347}.Debug|x64.Build.0 = Debug|x64
		{4BB52754-6C52-368D-9B7C-C40709772347}.Release|x64.ActiveCfg = Release|x64
		{4BB52754-6C52-368D-9B7C-C40709772347}.Release|x64.Build.0 = Release|x64
		{4BB52754-6C52-368D-9B7C-C40709772347}.MinSizeRel|x64.ActiveCfg = MinSizeRel|x64
		{4BB52754-6C52-368D-9B7C-C40709772347}.MinSizeRel|x64.Build.0 = MinSizeRel|x64
		{4BB52754-6C52-368D-9B7C-C40709772347}.RelWithDebInfo|x64.ActiveCfg = RelWithDebInfo|x64
		{4BB52754-6C52-368D-9B7C-C40709772347}.RelWithDebInfo|x64.Build.0 = RelWithDebInfo|x64
		{1791A6E1-DA73-36E5-8E8C-4171AD99FDCB}.Debug|x64.ActiveCfg = Debug|x64
		{1791A6E1-DA73-36E5-8E8C-4171AD99FDCB}.Debug|x64.Build.0 = Debug|x64
		{1791A6E1-DA73-36E5-8E8C-4171AD99FDCB}.Release|x64.ActiveCfg = Release|x64
		{1791A6E1-DA73-36E5-8E8C-4171AD99FDCB}.Release|x64.Build.0 = Release|x64
		{1791A6E1-DA73-36E5-8E8C-4171AD99FDCB}.MinSizeRel|x64.ActiveCfg = MinSizeRel|x64
		{1791A6E1-DA73-36E5-8E8C-4171AD99FDCB}.MinSizeRel|x64.Build.0 = MinSizeRel|x64
		{1791A6E1-DA73-36E5-8E8C-4171AD99FDCB}.RelWithDebInfo|x64.ActiveCfg = RelWithDebInfo|x64
		{1791A6E1-DA73-36E5-8E8C-4171AD99FDCB}.RelWithDebInfo|x64.Build.0 = RelWithDebInfo|x64
		{A08B80C1-C62D-3FBC-A38F-DD95EDFF21FF}.Debug|x64.ActiveCfg = Debug|x64
		{A08B80C1-C62D-3FBC-A38F-DD95EDFF21FF}.Debug|x64.Build.0 = Debug|x64
		{A08B80C1-C62D-3FBC-A38F-DD95EDFF21FF}.Release|x64.ActiveCfg = Release|x64
		{A08B80C1-C62D-3FBC-A38F-DD95EDFF21FF}.Release|x64.Build.0 = Release|x64
		{A08B80C1-C62D-3FBC-A38F-DD95EDFF21FF}.MinSizeRel|x64.ActiveCfg = MinSizeRel|x64
		{A08B80C1-C62D-3FBC-A38F-DD95EDFF21FF}.MinSizeRel|x64.Build.0 = MinSizeRel|x64
		{A08B80C1-C62D-3FBC-A38F-DD95EDFF21FF}.RelWithDebInfo|x64.ActiveCfg = RelWithDebInfo|x64
		{A08B80C1-C62D-3FBC-A38F-DD95EDFF21FF}.RelWithDebInfo|x64.Build.0 = RelWithDebInfo|x64
		{8D474424-0F8F-3655-80B9-69AB4C0ACDFF}.Debug|x64.ActiveCfg = Debug|x64
		{8D474424-0F8F-3655-80B9-69AB4C0ACDFF}.Debug|x64.Build.0 = Debug|x64
		{8D474424-0F8F-3655-80B9-69AB4C0ACDFF}.Release|x64.ActiveCfg = Release|x64
		{8D474424-0F8F-3655-80B9-69AB4C0ACDFF}.Release|x64.Build.0 = Release|x64
		{8D474424-0F8F-3655-80B9-69AB4C0ACDFF}.MinSizeRel|x64.ActiveCfg = MinSizeRel|x64
		{8D474424-0F8F-3655-80B9-69AB4C0ACDFF}.MinSizeRel|x64.Build.0 = MinSizeRel|x64
		{8D474424-0F8F-3655-80B9-69AB4C0ACDFF}.RelWithDebInfo|x64.ActiveCfg = RelWithDebInfo|x64
		{8D474424-0F8F-3655-80B9-69AB4C0ACDFF}.RelWithDebInfo|x64.Build.0 = RelWithDebInfo|x64
		{6A31BAD3-958C-3B3B-88E6-7F7DF04D4F8D}.Debug|x64.ActiveCfg = Debug|x64
		{6A31BAD3-958C-3B3B-88E6-7F7DF04D4F8D}.Debug|x64.Build.0 = Debug|x64
		{6A31BAD3-958C-3B3B-88E6-7F7DF04D4F8D}.Release|x64.ActiveCfg = Release|x64
		{6A31BAD3-958C-3B3B-88E6-7F7DF04D4F8D}.Release|x64.Build.0 = Release|x64
		{6A31BAD3-958C-3B3B-88E6-7F7DF04D4F8D}.MinSizeRel|x64.ActiveCfg = MinSizeRel|x64
		{6A31BAD3-958C-3B3B-88E6-7F7DF04D4F8D}.MinSizeRel|x64.Build.0 = MinSizeRel|x64
		{6A31BAD3-958C-3B3B-88E6-7F7DF04D4F8D}.RelWithDebInfo|x64.ActiveCfg = RelWithDebInfo|x64
		{6A31BAD3-958C-3B3B-88E6-7F7DF04D4F8D}.RelWithDebInfo|x64.Build.0 = RelWithDebInfo|x64
	EndGlobalSection
	GlobalSection(ExtensibilityGlobals) = postSolution
		SolutionGuid = {DB4218A9-F94C-3DE8-99C6-8FE6ECBB48D7}
	EndGlobalSection
	GlobalSection(ExtensibilityAddIns) = postSolution
	EndGlobalSection
EndGlobal
